// !$*UTF8*$!
{
	archiveVersion = 1;
	classes = {
	};
	objectVersion = 56;
	objects = {

/* Begin PBXBuildFile section */
		A9896D6B2A82247200D4C784 /* HabitPageView.swift in Sources */ = {isa = PBXBuildFile; fileRef = A9896D6A2A82247200D4C784 /* HabitPageView.swift */; };
		A9896D6D2A8235ED00D4C784 /* AnalysisView.swift in Sources */ = {isa = PBXBuildFile; fileRef = A9896D6C2A8235ED00D4C784 /* AnalysisView.swift */; };
		A9CB9C042A8F14CA0098186C /* AddHabitView.swift in Sources */ = {isa = PBXBuildFile; fileRef = A9CB9C032A8F14CA0098186C /* AddHabitView.swift */; };
		A9D730502A7E0B9C003D962B /* HabitTrackerApp.swift in Sources */ = {isa = PBXBuildFile; fileRef = A9D7304F2A7E0B9C003D962B /* HabitTrackerApp.swift */; };
		A9D730522A7E0B9C003D962B /* ContentView.swift in Sources */ = {isa = PBXBuildFile; fileRef = A9D730512A7E0B9C003D962B /* ContentView.swift */; };
		A9D730542A7E0B9E003D962B /* Assets.xcassets in Resources */ = {isa = PBXBuildFile; fileRef = A9D730532A7E0B9E003D962B /* Assets.xcassets */; };
		A9D730572A7E0B9E003D962B /* Preview Assets.xcassets in Resources */ = {isa = PBXBuildFile; fileRef = A9D730562A7E0B9E003D962B /* Preview Assets.xcassets */; };
		A9D730612A7E0B9E003D962B /* HabitTrackerTests.swift in Sources */ = {isa = PBXBuildFile; fileRef = A9D730602A7E0B9E003D962B /* HabitTrackerTests.swift */; };
		A9D7306B2A7E0B9E003D962B /* HabitTrackerUITests.swift in Sources */ = {isa = PBXBuildFile; fileRef = A9D7306A2A7E0B9E003D962B /* HabitTrackerUITests.swift */; };
		A9D7306D2A7E0B9E003D962B /* HabitTrackerUITestsLaunchTests.swift in Sources */ = {isa = PBXBuildFile; fileRef = A9D7306C2A7E0B9E003D962B /* HabitTrackerUITestsLaunchTests.swift */; };
/* End PBXBuildFile section */

/* Begin PBXContainerItemProxy section */
		A9D7305D2A7E0B9E003D962B /* PBXContainerItemProxy */ = {
			isa = PBXContainerItemProxy;
			containerPortal = A9D730442A7E0B9C003D962B /* Project object */;
			proxyType = 1;
			remoteGlobalIDString = A9D7304B2A7E0B9C003D962B;
			remoteInfo = HabitTracker;
		};
		A9D730672A7E0B9E003D962B /* PBXContainerItemProxy */ = {
			isa = PBXContainerItemProxy;
			containerPortal = A9D730442A7E0B9C003D962B /* Project object */;
			proxyType = 1;
			remoteGlobalIDString = A9D7304B2A7E0B9C003D962B;
			remoteInfo = HabitTracker;
		};
/* End PBXContainerItemProxy section */

/* Begin PBXFileReference section */
		A9896D6A2A82247200D4C784 /* HabitPageView.swift */ = {isa = PBXFileReference; lastKnownFileType = sourcecode.swift; path = HabitPageView.swift; sourceTree = "<group>"; };
		A9896D6C2A8235ED00D4C784 /* AnalysisView.swift */ = {isa = PBXFileReference; lastKnownFileType = sourcecode.swift; path = AnalysisView.swift; sourceTree = "<group>"; };
		A9CB9C032A8F14CA0098186C /* AddHabitView.swift */ = {isa = PBXFileReference; lastKnownFileType = sourcecode.swift; path = AddHabitView.swift; sourceTree = "<group>"; };
		A9D7304C2A7E0B9C003D962B /* HabitTracker.app */ = {isa = PBXFileReference; explicitFileType = wrapper.application; includeInIndex = 0; path = HabitTracker.app; sourceTree = BUILT_PRODUCTS_DIR; };
		A9D7304F2A7E0B9C003D962B /* HabitTrackerApp.swift */ = {isa = PBXFileReference; lastKnownFileType = sourcecode.swift; path = HabitTrackerApp.swift; sourceTree = "<group>"; };
		A9D730512A7E0B9C003D962B /* ContentView.swift */ = {isa = PBXFileReference; lastKnownFileType = sourcecode.swift; path = ContentView.swift; sourceTree = "<group>"; };
		A9D730532A7E0B9E003D962B /* Assets.xcassets */ = {isa = PBXFileReference; lastKnownFileType = folder.assetcatalog; path = Assets.xcassets; sourceTree = "<group>"; };
		A9D730562A7E0B9E003D962B /* Preview Assets.xcassets */ = {isa = PBXFileReference; lastKnownFileType = folder.assetcatalog; path = "Preview Assets.xcassets"; sourceTree = "<group>"; };
		A9D7305C2A7E0B9E003D962B /* HabitTrackerTests.xctest */ = {isa = PBXFileReference; explicitFileType = wrapper.cfbundle; includeInIndex = 0; path = HabitTrackerTests.xctest; sourceTree = BUILT_PRODUCTS_DIR; };
		A9D730602A7E0B9E003D962B /* HabitTrackerTests.swift */ = {isa = PBXFileReference; lastKnownFileType = sourcecode.swift; path = HabitTrackerTests.swift; sourceTree = "<group>"; };
		A9D730662A7E0B9E003D962B /* HabitTrackerUITests.xctest */ = {isa = PBXFileReference; explicitFileType = wrapper.cfbundle; includeInIndex = 0; path = HabitTrackerUITests.xctest; sourceTree = BUILT_PRODUCTS_DIR; };
		A9D7306A2A7E0B9E003D962B /* HabitTrackerUITests.swift */ = {isa = PBXFileReference; lastKnownFileType = sourcecode.swift; path = HabitTrackerUITests.swift; sourceTree = "<group>"; };
		A9D7306C2A7E0B9E003D962B /* HabitTrackerUITestsLaunchTests.swift */ = {isa = PBXFileReference; lastKnownFileType = sourcecode.swift; path = HabitTrackerUITestsLaunchTests.swift; sourceTree = "<group>"; };
/* End PBXFileReference section */

/* Begin PBXFrameworksBuildPhase section */
		A9D730492A7E0B9C003D962B /* Frameworks */ = {
			isa = PBXFrameworksBuildPhase;
			buildActionMask = 2147483647;
			files = (
			);
			runOnlyForDeploymentPostprocessing = 0;
		};
		A9D730592A7E0B9E003D962B /* Frameworks */ = {
			isa = PBXFrameworksBuildPhase;
			buildActionMask = 2147483647;
			files = (
			);
			runOnlyForDeploymentPostprocessing = 0;
		};
		A9D730632A7E0B9E003D962B /* Frameworks */ = {
			isa = PBXFrameworksBuildPhase;
			buildActionMask = 2147483647;
			files = (
			);
			runOnlyForDeploymentPostprocessing = 0;
		};
/* End PBXFrameworksBuildPhase section */

/* Begin PBXGroup section */
		A9D730432A7E0B9C003D962B = {
			isa = PBXGroup;
			children = (
				A9D7304E2A7E0B9C003D962B /* HabitTracker */,
				A9D7305F2A7E0B9E003D962B /* HabitTrackerTests */,
				A9D730692A7E0B9E003D962B /* HabitTrackerUITests */,
				A9D7304D2A7E0B9C003D962B /* Products */,
			);
			sourceTree = "<group>";
		};
		A9D7304D2A7E0B9C003D962B /* Products */ = {
			isa = PBXGroup;
			children = (
				A9D7304C2A7E0B9C003D962B /* HabitTracker.app */,
				A9D7305C2A7E0B9E003D962B /* HabitTrackerTests.xctest */,
				A9D730662A7E0B9E003D962B /* HabitTrackerUITests.xctest */,
			);
			name = Products;
			sourceTree = "<group>";
		};
		A9D7304E2A7E0B9C003D962B /* HabitTracker */ = {
			isa = PBXGroup;
			children = (
				A9D7304F2A7E0B9C003D962B /* HabitTrackerApp.swift */,
				A9D730512A7E0B9C003D962B /* ContentView.swift */,
				A9896D6A2A82247200D4C784 /* HabitPageView.swift */,
				A9896D6C2A8235ED00D4C784 /* AnalysisView.swift */,
				A9CB9C032A8F14CA0098186C /* AddHabitView.swift */,
				A9D730532A7E0B9E003D962B /* Assets.xcassets */,
				A9D730552A7E0B9E003D962B /* Preview Content */,
			);
			path = HabitTracker;
			sourceTree = "<group>";
		};
		A9D730552A7E0B9E003D962B /* Preview Content */ = {
			isa = PBXGroup;
			children = (
				A9D730562A7E0B9E003D962B /* Preview Assets.xcassets */,
			);
			path = "Preview Content";
			sourceTree = "<group>";
		};
		A9D7305F2A7E0B9E003D962B /* HabitTrackerTests */ = {
			isa = PBXGroup;
			children = (
				A9D730602A7E0B9E003D962B /* HabitTrackerTests.swift */,
			);
			path = HabitTrackerTests;
			sourceTree = "<group>";
		};
		A9D730692A7E0B9E003D962B /* HabitTrackerUITests */ = {
			isa = PBXGroup;
			children = (
				A9D7306A2A7E0B9E003D962B /* HabitTrackerUITests.swift */,
				A9D7306C2A7E0B9E003D962B /* HabitTrackerUITestsLaunchTests.swift */,
			);
			path = HabitTrackerUITests;
			sourceTree = "<group>";
		};
/* End PBXGroup section */

/* Begin PBXNativeTarget section */
		A9D7304B2A7E0B9C003D962B /* HabitTracker */ = {
			isa = PBXNativeTarget;
			buildConfigurationList = A9D730702A7E0B9E003D962B /* Build configuration list for PBXNativeTarget "HabitTracker" */;
			buildPhases = (
				A9D730482A7E0B9C003D962B /* Sources */,
				A9D730492A7E0B9C003D962B /* Frameworks */,
				A9D7304A2A7E0B9C003D962B /* Resources */,
			);
			buildRules = (
			);
			dependencies = (
			);
			name = HabitTracker;
			productName = HabitTracker;
			productReference = A9D7304C2A7E0B9C003D962B /* HabitTracker.app */;
			productType = "com.apple.product-type.application";
		};
		A9D7305B2A7E0B9E003D962B /* HabitTrackerTests */ = {
			isa = PBXNativeTarget;
			buildConfigurationList = A9D730732A7E0B9E003D962B /* Build configuration list for PBXNativeTarget "HabitTrackerTests" */;
			buildPhases = (
				A9D730582A7E0B9E003D962B /* Sources */,
				A9D730592A7E0B9E003D962B /* Frameworks */,
				A9D7305A2A7E0B9E003D962B /* Resources */,
			);
			buildRules = (
			);
			dependencies = (
				A9D7305E2A7E0B9E003D962B /* PBXTargetDependency */,
			);
			name = HabitTrackerTests;
			productName = HabitTrackerTests;
			productReference = A9D7305C2A7E0B9E003D962B /* HabitTrackerTests.xctest */;
			productType = "com.apple.product-type.bundle.unit-test";
		};
		A9D730652A7E0B9E003D962B /* HabitTrackerUITests */ = {
			isa = PBXNativeTarget;
			buildConfigurationList = A9D730762A7E0B9E003D962B /* Build configuration list for PBXNativeTarget "HabitTrackerUITests" */;
			buildPhases = (
				A9D730622A7E0B9E003D962B /* Sources */,
				A9D730632A7E0B9E003D962B /* Frameworks */,
				A9D730642A7E0B9E003D962B /* Resources */,
			);
			buildRules = (
			);
			dependencies = (
				A9D730682A7E0B9E003D962B /* PBXTargetDependency */,
			);
			name = HabitTrackerUITests;
			productName = HabitTrackerUITests;
			productReference = A9D730662A7E0B9E003D962B /* HabitTrackerUITests.xctest */;
			productType = "com.apple.product-type.bundle.ui-testing";
		};
/* End PBXNativeTarget section */

/* Begin PBXProject section */
		A9D730442A7E0B9C003D962B /* Project object */ = {
			isa = PBXProject;
			attributes = {
				BuildIndependentTargetsInParallel = 1;
				LastSwiftUpdateCheck = 1430;
				LastUpgradeCheck = 1430;
				TargetAttributes = {
					A9D7304B2A7E0B9C003D962B = {
						CreatedOnToolsVersion = 14.3.1;
					};
					A9D7305B2A7E0B9E003D962B = {
						CreatedOnToolsVersion = 14.3.1;
						TestTargetID = A9D7304B2A7E0B9C003D962B;
					};
					A9D730652A7E0B9E003D962B = {
						CreatedOnToolsVersion = 14.3.1;
						TestTargetID = A9D7304B2A7E0B9C003D962B;
					};
				};
			};
			buildConfigurationList = A9D730472A7E0B9C003D962B /* Build configuration list for PBXProject "HabitTracker" */;
			compatibilityVersion = "Xcode 14.0";
			developmentRegion = en;
			hasScannedForEncodings = 0;
			knownRegions = (
				en,
				Base,
			);
			mainGroup = A9D730432A7E0B9C003D962B;
			productRefGroup = A9D7304D2A7E0B9C003D962B /* Products */;
			projectDirPath = "";
			projectRoot = "";
			targets = (
				A9D7304B2A7E0B9C003D962B /* HabitTracker */,
				A9D7305B2A7E0B9E003D962B /* HabitTrackerTests */,
				A9D730652A7E0B9E003D962B /* HabitTrackerUITests */,
			);
		};
/* End PBXProject section */

/* Begin PBXResourcesBuildPhase section */
		A9D7304A2A7E0B9C003D962B /* Resources */ = {
			isa = PBXResourcesBuildPhase;
			buildActionMask = 2147483647;
			files = (
				A9D730572A7E0B9E003D962B /* Preview Assets.xcassets in Resources */,
				A9D730542A7E0B9E003D962B /* Assets.xcassets in Resources */,
			);
			runOnlyForDeploymentPostprocessing = 0;
		};
		A9D7305A2A7E0B9E003D962B /* Resources */ = {
			isa = PBXResourcesBuildPhase;
			buildActionMask = 2147483647;
			files = (
			);
			runOnlyForDeploymentPostprocessing = 0;
		};
		A9D730642A7E0B9E003D962B /* Resources */ = {
			isa = PBXResourcesBuildPhase;
			buildActionMask = 2147483647;
			files = (
			);
			runOnlyForDeploymentPostprocessing = 0;
		};
/* End PBXResourcesBuildPhase section */

/* Begin PBXSourcesBuildPhase section */
		A9D730482A7E0B9C003D962B /* Sources */ = {
			isa = PBXSourcesBuildPhase;
			buildActionMask = 2147483647;
			files = (
				A9896D6D2A8235ED00D4C784 /* AnalysisView.swift in Sources */,
				A9D730522A7E0B9C003D962B /* ContentView.swift in Sources */,
				A9896D6B2A82247200D4C784 /* HabitPageView.swift in Sources */,
				A9D730502A7E0B9C003D962B /* HabitTrackerApp.swift in Sources */,
				A9CB9C042A8F14CA0098186C /* AddHabitView.swift in Sources */,
			);
			runOnlyForDeploymentPostprocessing = 0;
		};
		A9D730582A7E0B9E003D962B /* Sources */ = {
			isa = PBXSourcesBuildPhase;
			buildActionMask = 2147483647;
			files = (
				A9D730612A7E0B9E003D962B /* HabitTrackerTests.swift in Sources */,
			);
			runOnlyForDeploymentPostprocessing = 0;
		};
		A9D730622A7E0B9E003D962B /* Sources */ = {
			isa = PBXSourcesBuildPhase;
			buildActionMask = 2147483647;
			files = (
				A9D7306D2A7E0B9E003D962B /* HabitTrackerUITestsLaunchTests.swift in Sources */,
				A9D7306B2A7E0B9E003D962B /* HabitTrackerUITests.swift in Sources */,
			);
			runOnlyForDeploymentPostprocessing = 0;
		};
/* End PBXSourcesBuildPhase section */

/* Begin PBXTargetDependency section */
		A9D7305E2A7E0B9E003D962B /* PBXTargetDependency */ = {
			isa = PBXTargetDependency;
			target = A9D7304B2A7E0B9C003D962B /* HabitTracker */;
			targetProxy = A9D7305D2A7E0B9E003D962B /* PBXContainerItemProxy */;
		};
		A9D730682A7E0B9E003D962B /* PBXTargetDependency */ = {
			isa = PBXTargetDependency;
			target = A9D7304B2A7E0B9C003D962B /* HabitTracker */;
			targetProxy = A9D730672A7E0B9E003D962B /* PBXContainerItemProxy */;
		};
/* End PBXTargetDependency section */

/* Begin XCBuildConfiguration section */
		A9D7306E2A7E0B9E003D962B /* Debug */ = {
			isa = XCBuildConfiguration;
			buildSettings = {
				ALWAYS_SEARCH_USER_PATHS = NO;
				CLANG_ANALYZER_NONNULL = YES;
				CLANG_ANALYZER_NUMBER_OBJECT_CONVERSION = YES_AGGRESSIVE;
				CLANG_CXX_LANGUAGE_STANDARD = "gnu++20";
				CLANG_ENABLE_MODULES = YES;
				CLANG_ENABLE_OBJC_ARC = YES;
				CLANG_ENABLE_OBJC_WEAK = YES;
				CLANG_WARN_BLOCK_CAPTURE_AUTORELEASING = YES;
				CLANG_WARN_BOOL_CONVERSION = YES;
				CLANG_WARN_COMMA = YES;
				CLANG_WARN_CONSTANT_CONVERSION = YES;
				CLANG_WARN_DEPRECATED_OBJC_IMPLEMENTATIONS = YES;
				CLANG_WARN_DIRECT_OBJC_ISA_USAGE = YES_ERROR;
				CLANG_WARN_DOCUMENTATION_COMMENTS = YES;
				CLANG_WARN_EMPTY_BODY = YES;
				CLANG_WARN_ENUM_CONVERSION = YES;
				CLANG_WARN_INFINITE_RECURSION = YES;
				CLANG_WARN_INT_CONVERSION = YES;
				CLANG_WARN_NON_LITERAL_NULL_CONVERSION = YES;
				CLANG_WARN_OBJC_IMPLICIT_RETAIN_SELF = YES;
				CLANG_WARN_OBJC_LITERAL_CONVERSION = YES;
				CLANG_WARN_OBJC_ROOT_CLASS = YES_ERROR;
				CLANG_WARN_QUOTED_INCLUDE_IN_FRAMEWORK_HEADER = YES;
				CLANG_WARN_RANGE_LOOP_ANALYSIS = YES;
				CLANG_WARN_STRICT_PROTOTYPES = YES;
				CLANG_WARN_SUSPICIOUS_MOVE = YES;
				CLANG_WARN_UNGUARDED_AVAILABILITY = YES_AGGRESSIVE;
				CLANG_WARN_UNREACHABLE_CODE = YES;
				CLANG_WARN__DUPLICATE_METHOD_MATCH = YES;
				COPY_PHASE_STRIP = NO;
				DEBUG_INFORMATION_FORMAT = dwarf;
				ENABLE_STRICT_OBJC_MSGSEND = YES;
				ENABLE_TESTABILITY = YES;
				GCC_C_LANGUAGE_STANDARD = gnu11;
				GCC_DYNAMIC_NO_PIC = NO;
				GCC_NO_COMMON_BLOCKS = YES;
				GCC_OPTIMIZATION_LEVEL = 0;
				GCC_PREPROCESSOR_DEFINITIONS = (
					"DEBUG=1",
					"$(inherited)",
				);
				GCC_WARN_64_TO_32_BIT_CONVERSION = YES;
				GCC_WARN_ABOUT_RETURN_TYPE = YES_ERROR;
				GCC_WARN_UNDECLARED_SELECTOR = YES;
				GCC_WARN_UNINITIALIZED_AUTOS = YES_AGGRESSIVE;
				GCC_WARN_UNUSED_FUNCTION = YES;
				GCC_WARN_UNUSED_VARIABLE = YES;
				IPHONEOS_DEPLOYMENT_TARGET = 16.4;
				MTL_ENABLE_DEBUG_INFO = INCLUDE_SOURCE;
				MTL_FAST_MATH = YES;
				ONLY_ACTIVE_ARCH = YES;
				SDKROOT = iphoneos;
				SWIFT_ACTIVE_COMPILATION_CONDITIONS = DEBUG;
				SWIFT_OPTIMIZATION_LEVEL = "-Onone";
			};
			name = Debug;
		};
		A9D7306F2A7E0B9E003D962B /* Release */ = {
			isa = XCBuildConfiguration;
			buildSettings = {
				ALWAYS_SEARCH_USER_PATHS = NO;
				CLANG_ANALYZER_NONNULL = YES;
				CLANG_ANALYZER_NUMBER_OBJECT_CONVERSION = YES_AGGRESSIVE;
				CLANG_CXX_LANGUAGE_STANDARD = "gnu++20";
				CLANG_ENABLE_MODULES = YES;
				CLANG_ENABLE_OBJC_ARC = YES;
				CLANG_ENABLE_OBJC_WEAK = YES;
				CLANG_WARN_BLOCK_CAPTURE_AUTORELEASING = YES;
				CLANG_WARN_BOOL_CONVERSION = YES;
				CLANG_WARN_COMMA = YES;
				CLANG_WARN_CONSTANT_CONVERSION = YES;
				CLANG_WARN_DEPRECATED_OBJC_IMPLEMENTATIONS = YES;
				CLANG_WARN_DIRECT_OBJC_ISA_USAGE = YES_ERROR;
				CLANG_WARN_DOCUMENTATION_COMMENTS = YES;
				CLANG_WARN_EMPTY_BODY = YES;
				CLANG_WARN_ENUM_CONVERSION = YES;
				CLANG_WARN_INFINITE_RECURSION = YES;
				CLANG_WARN_INT_CONVERSION = YES;
				CLANG_WARN_NON_LITERAL_NULL_CONVERSION = YES;
				CLANG_WARN_OBJC_IMPLICIT_RETAIN_SELF = YES;
				CLANG_WARN_OBJC_LITERAL_CONVERSION = YES;
				CLANG_WARN_OBJC_ROOT_CLASS = YES_ERROR;
				CLANG_WARN_QUOTED_INCLUDE_IN_FRAMEWORK_HEADER = YES;
				CLANG_WARN_RANGE_LOOP_ANALYSIS = YES;
				CLANG_WARN_STRICT_PROTOTYPES = YES;
				CLANG_WARN_SUSPICIOUS_MOVE = YES;
				CLANG_WARN_UNGUARDED_AVAILABILITY = YES_AGGRESSIVE;
				CLANG_WARN_UNREACHABLE_CODE = YES;
				CLANG_WARN__DUPLICATE_METHOD_MATCH = YES;
				COPY_PHASE_STRIP = NO;
				DEBUG_INFORMATION_FORMAT = "dwarf-with-dsym";
				ENABLE_NS_ASSERTIONS = NO;
				ENABLE_STRICT_OBJC_MSGSEND = YES;
				GCC_C_LANGUAGE_STANDARD = gnu11;
				GCC_NO_COMMON_BLOCKS = YES;
				GCC_WARN_64_TO_32_BIT_CONVERSION = YES;
				GCC_WARN_ABOUT_RETURN_TYPE = YES_ERROR;
				GCC_WARN_UNDECLARED_SELECTOR = YES;
				GCC_WARN_UNINITIALIZED_AUTOS = YES_AGGRESSIVE;
				GCC_WARN_UNUSED_FUNCTION = YES;
				GCC_WARN_UNUSED_VARIABLE = YES;
				IPHONEOS_DEPLOYMENT_TARGET = 16.4;
				MTL_ENABLE_DEBUG_INFO = NO;
				MTL_FAST_MATH = YES;
				SDKROOT = iphoneos;
				SWIFT_COMPILATION_MODE = wholemodule;
				SWIFT_OPTIMIZATION_LEVEL = "-O";
				VALIDATE_PRODUCT = YES;
			};
			name = Release;
		};
		A9D730712A7E0B9E003D962B /* Debug */ = {
			isa = XCBuildConfiguration;
			buildSettings = {
				ASSETCATALOG_COMPILER_APPICON_NAME = AppIcon;
				ASSETCATALOG_COMPILER_GLOBAL_ACCENT_COLOR_NAME = AccentColor;
				ASSETCATALOG_COMPILER_INCLUDE_ALL_APPICON_ASSETS = YES;
				CODE_SIGN_STYLE = Automatic;
				CURRENT_PROJECT_VERSION = 1;
				DEVELOPMENT_ASSET_PATHS = "\"HabitTracker/Preview Content\"";
				ENABLE_PREVIEWS = YES;
				GENERATE_INFOPLIST_FILE = YES;
				INFOPLIST_KEY_UIApplicationSceneManifest_Generation = YES;
				INFOPLIST_KEY_UIApplicationSupportsIndirectInputEvents = YES;
				INFOPLIST_KEY_UILaunchScreen_Generation = YES;
				INFOPLIST_KEY_UISupportedInterfaceOrientations_iPad = "UIInterfaceOrientationPortrait UIInterfaceOrientationPortraitUpsideDown UIInterfaceOrientationLandscapeLeft UIInterfaceOrientationLandscapeRight";
				INFOPLIST_KEY_UISupportedInterfaceOrientations_iPhone = "UIInterfaceOrientationPortrait UIInterfaceOrientationLandscapeLeft UIInterfaceOrientationLandscapeRight";
				LD_RUNPATH_SEARCH_PATHS = (
					"$(inherited)",
					"@executable_path/Frameworks",
				);
				MARKETING_VERSION = 1.0;
				PRODUCT_BUNDLE_IDENTIFIER = wenxi.HabitTracker;
				PRODUCT_NAME = "$(TARGET_NAME)";
				SWIFT_EMIT_LOC_STRINGS = YES;
				SWIFT_VERSION = 5.0;
				TARGETED_DEVICE_FAMILY = "1,2";
			};
			name = Debug;
		};
		A9D730722A7E0B9E003D962B /* Release */ = {
			isa = XCBuildConfiguration;
			buildSettings = {
				ASSETCATALOG_COMPILER_APPICON_NAME = AppIcon;
				ASSETCATALOG_COMPILER_GLOBAL_ACCENT_COLOR_NAME = AccentColor;
				ASSETCATALOG_COMPILER_INCLUDE_ALL_APPICON_ASSETS = YES;
				CODE_SIGN_STYLE = Automatic;
				CURRENT_PROJECT_VERSION = 1;
				DEVELOPMENT_ASSET_PATHS = "\"HabitTracker/Preview Content\"";
				ENABLE_PREVIEWS = YES;
				GENERATE_INFOPLIST_FILE = YES;
				INFOPLIST_KEY_UIApplicationSceneManifest_Generation = YES;
				INFOPLIST_KEY_UIApplicationSupportsIndirectInputEvents = YES;
				INFOPLIST_KEY_UILaunchScreen_Generation = YES;
				INFOPLIST_KEY_UISupportedInterfaceOrientations_iPad = "UIInterfaceOrientationPortrait UIInterfaceOrientationPortraitUpsideDown UIInterfaceOrientationLandscapeLeft UIInterfaceOrientationLandscapeRight";
				INFOPLIST_KEY_UISupportedInterfaceOrientations_iPhone = "UIInterfaceOrientationPortrait UIInterfaceOrientationLandscapeLeft UIInterfaceOrientationLandscapeRight";
				LD_RUNPATH_SEARCH_PATHS = (
					"$(inherited)",
					"@executable_path/Frameworks",
				);
				MARKETING_VERSION = 1.0;
				PRODUCT_BUNDLE_IDENTIFIER = wenxi.HabitTracker;
				PRODUCT_NAME = "$(TARGET_NAME)";
				SWIFT_EMIT_LOC_STRINGS = YES;
				SWIFT_VERSION = 5.0;
				TARGETED_DEVICE_FAMILY = "1,2";
			};
			name = Release;
		};
		A9D730742A7E0B9E003D962B /* Debug */ = {
			isa = XCBuildConfiguration;
			buildSettings = {
				ALWAYS_EMBED_SWIFT_STANDARD_LIBRARIES = YES;
				BUNDLE_LOADER = "$(TEST_HOST)";
				CODE_SIGN_STYLE = Automatic;
				CURRENT_PROJECT_VERSION = 1;
				GENERATE_INFOPLIST_FILE = YES;
				IPHONEOS_DEPLOYMENT_TARGET = 16.4;
				MARKETING_VERSION = 1.0;
				PRODUCT_BUNDLE_IDENTIFIER = wenxi.HabitTrackerTests;
				PRODUCT_NAME = "$(TARGET_NAME)";
				SWIFT_EMIT_LOC_STRINGS = NO;
				SWIFT_VERSION = 5.0;
				TARGETED_DEVICE_FAMILY = "1,2";
				TEST_HOST = "$(BUILT_PRODUCTS_DIR)/HabitTracker.app/$(BUNDLE_EXECUTABLE_FOLDER_PATH)/HabitTracker";
			};
			name = Debug;
		};
		A9D730752A7E0B9E003D962B /* Release */ = {
			isa = XCBuildConfiguration;
			buildSettings = {
				ALWAYS_EMBED_SWIFT_STANDARD_LIBRARIES = YES;
				BUNDLE_LOADER = "$(TEST_HOST)";
				CODE_SIGN_STYLE = Automatic;
				CURRENT_PROJECT_VERSION = 1;
				GENERATE_INFOPLIST_FILE = YES;
				IPHONEOS_DEPLOYMENT_TARGET = 16.4;
				MARKETING_VERSION = 1.0;
				PRODUCT_BUNDLE_IDENTIFIER = wenxi.HabitTrackerTests;
				PRODUCT_NAME = "$(TARGET_NAME)";
				SWIFT_EMIT_LOC_STRINGS = NO;
				SWIFT_VERSION = 5.0;
				TARGETED_DEVICE_FAMILY = "1,2";
				TEST_HOST = "$(BUILT_PRODUCTS_DIR)/HabitTracker.app/$(BUNDLE_EXECUTABLE_FOLDER_PATH)/HabitTracker";
			};
			name = Release;
		};
		A9D730772A7E0B9E003D962B /* Debug */ = {
			isa = XCBuildConfiguration;
			buildSettings = {
				ALWAYS_EMBED_SWIFT_STANDARD_LIBRARIES = YES;
				CODE_SIGN_STYLE = Automatic;
				CURRENT_PROJECT_VERSION = 1;
				GENERATE_INFOPLIST_FILE = YES;
				MARKETING_VERSION = 1.0;
				PRODUCT_BUNDLE_IDENTIFIER = wenxi.HabitTrackerUITests;
				PRODUCT_NAME = "$(TARGET_NAME)";
				SWIFT_EMIT_LOC_STRINGS = NO;
				SWIFT_VERSION = 5.0;
				TARGETED_DEVICE_FAMILY = "1,2";
				TEST_TARGET_NAME = HabitTracker;
			};
			name = Debug;
		};
		A9D730782A7E0B9E003D962B /* Release */ = {
			isa = XCBuildConfiguration;
			buildSettings = {
				ALWAYS_EMBED_SWIFT_STANDARD_LIBRARIES = YES;
				CODE_SIGN_STYLE = Automatic;
				CURRENT_PROJECT_VERSION = 1;
				GENERATE_INFOPLIST_FILE = YES;
				MARKETING_VERSION = 1.0;
				PRODUCT_BUNDLE_IDENTIFIER = wenxi.HabitTrackerUITests;
				PRODUCT_NAME = "$(TARGET_NAME)";
				SWIFT_EMIT_LOC_STRINGS = NO;
				SWIFT_VERSION = 5.0;
				TARGETED_DEVICE_FAMILY = "1,2";
				TEST_TARGET_NAME = HabitTracker;
			};
			name = Release;
		};
/* End XCBuildConfiguration section */

/* Begin XCConfigurationList section */
		A9D730472A7E0B9C003D962B /* Build configuration list for PBXProject "HabitTracker" */ = {
			isa = XCConfigurationList;
			buildConfigurations = (
				A9D7306E2A7E0B9E003D962B /* Debug */,
				A9D7306F2A7E0B9E003D962B /* Release */,
			);
			defaultConfigurationIsVisible = 0;
			defaultConfigurationName = Release;
		};
		A9D730702A7E0B9E003D962B /* Build configuration list for PBXNativeTarget "HabitTracker" */ = {
			isa = XCConfigurationList;
			buildConfigurations = (
				A9D730712A7E0B9E003D962B /* Debug */,
				A9D730722A7E0B9E003D962B /* Release */,
			);
			defaultConfigurationIsVisible = 0;
			defaultConfigurationName = Release;
		};
		A9D730732A7E0B9E003D962B /* Build configuration list for PBXNativeTarget "HabitTrackerTests" */ = {
			isa = XCConfigurationList;
			buildConfigurations = (
				A9D730742A7E0B9E003D962B /* Debug */,
				A9D730752A7E0B9E003D962B /* Release */,
			);
			defaultConfigurationIsVisible = 0;
			defaultConfigurationName = Release;
		};
		A9D730762A7E0B9E003D962B /* Build configuration list for PBXNativeTarget "HabitTrackerUITests" */ = {
			isa = XCConfigurationList;
			buildConfigurations = (
				A9D730772A7E0B9E003D962B /* Debug */,
				A9D730782A7E0B9E003D962B /* Release */,
			);
			defaultConfigurationIsVisible = 0;
			defaultConfigurationName = Release;
		};
/* End XCConfigurationList section */
	};
	rootObject = A9D730442A7E0B9C003D962B /* Project object */;
}
